
Microsoft Visual Studio Solution File, Format Version 12.00
# Visual Studio Version 16
VisualStudioVersion = 16.0.30104.148
MinimumVisualStudioVersion = 10.0.40219.1
Project("{FAE04EC0-301F-11D3-BF4B-00C04F79EFBC}") = "Restaurant.Android", "Restaurant\Restaurant.Android\Restaurant.Android.csproj", "{453C129C-7BC9-47F8-BD6D-FD5C38BD49DE}"
EndProject
Project("{FAE04EC0-301F-11D3-BF4B-00C04F79EFBC}") = "Restaurant.iOS", "Restaurant\Restaurant.iOS\Restaurant.iOS.csproj", "{973F3192-3FC6-4855-A9BD-C2A3D5EBA89A}"
EndProject
Project("{FAE04EC0-301F-11D3-BF4B-00C04F79EFBC}") = "Restaurant", "Restaurant\Restaurant\Restaurant.csproj", "{68D5A3C4-A8A8-41DA-B1B2-3D5BD8BB273E}"
EndProject
Global
	GlobalSection(SolutionConfigurationPlatforms) = preSolution
		Debug|Any CPU = Debug|Any CPU
		Debug|iPhone = Debug|iPhone
		Debug|iPhoneSimulator = Debug|iPhoneSimulator
		Release|Any CPU = Release|Any CPU
		Release|iPhone = Release|iPhone
		Release|iPhoneSimulator = Release|iPhoneSimulator
	EndGlobalSection
	GlobalSection(ProjectConfigurationPlatforms) = postSolution
		{453C129C-7BC9-47F8-BD6D-FD5C38BD49DE}.Debug|Any CPU.ActiveCfg = Debug|Any CPU
		{453C129C-7BC9-47F8-BD6D-FD5C38BD49DE}.Debug|Any CPU.Build.0 = Debug|Any CPU
		{453C129C-7BC9-47F8-BD6D-FD5C38BD49DE}.Debug|Any CPU.Deploy.0 = Debug|Any CPU
		{453C129C-7BC9-47F8-BD6D-FD5C38BD49DE}.Debug|iPhone.ActiveCfg = Debug|Any CPU
		{453C129C-7BC9-47F8-BD6D-FD5C38BD49DE}.Debug|iPhone.Build.0 = Debug|Any CPU
		{453C129C-7BC9-47F8-BD6D-FD5C38BD49DE}.Debug|iPhone.Deploy.0 = Debug|Any CPU
		{453C129C-7BC9-47F8-BD6D-FD5C38BD49DE}.Debug|iPhoneSimulator.ActiveCfg = Debug|Any CPU
		{453C129C-7BC9-47F8-BD6D-FD5C38BD49DE}.Debug|iPhoneSimulator.Build.0 = Debug|Any CPU
		{453C129C-7BC9-47F8-BD6D-FD5C38BD49DE}.Debug|iPhoneSimulator.Deploy.0 = Debug|Any CPU
		{453C129C-7BC9-47F8-BD6D-FD5C38BD49DE}.Release|Any CPU.ActiveCfg = Release|Any CPU
		{453C129C-7BC9-47F8-BD6D-FD5C38BD49DE}.Release|Any CPU.Build.0 = Release|Any CPU
		{453C129C-7BC9-47F8-BD6D-FD5C38BD49DE}.Release|Any CPU.Deploy.0 = Release|Any CPU
		{453C129C-7BC9-47F8-BD6D-FD5C38BD49DE}.Release|iPhone.ActiveCfg = Release|Any CPU
		{453C129C-7BC9-47F8-BD6D-FD5C38BD49DE}.Release|iPhone.Build.0 = Release|Any CPU
		{453C129C-7BC9-47F8-BD6D-FD5C38BD49DE}.Release|iPhone.Deploy.0 = Release|Any CPU
		{453C129C-7BC9-47F8-BD6D-FD5C38BD49DE}.Release|iPhoneSimulator.ActiveCfg = Release|Any CPU
		{453C129C-7BC9-47F8-BD6D-FD5C38BD49DE}.Release|iPhoneSimulator.Build.0 = Release|Any CPU
		{453C129C-7BC9-47F8-BD6D-FD5C38BD49DE}.Release|iPhoneSimulator.Deploy.0 = Release|Any CPU
		{973F3192-3FC6-4855-A9BD-C2A3D5EBA89A}.Debug|Any CPU.ActiveCfg = Debug|iPhone
		{973F3192-3FC6-4855-A9BD-C2A3D5EBA89A}.Debug|Any CPU.Build.0 = Debug|iPhone
		{973F3192-3FC6-4855-A9BD-C2A3D5EBA89A}.Debug|Any CPU.Deploy.0 = Debug|iPhone
		{973F3192-3FC6-4855-A9BD-C2A3D5EBA89A}.Debug|iPhone.ActiveCfg = Debug|iPhone
		{973F3192-3FC6-4855-A9BD-C2A3D5EBA89A}.Debug|iPhone.Build.0 = Debug|iPhone
		{973F3192-3FC6-4855-A9BD-C2A3D5EBA89A}.Debug|iPhone.Deploy.0 = Debug|iPhone
		{973F3192-3FC6-4855-A9BD-C2A3D5EBA89A}.Debug|iPhoneSimulator.ActiveCfg = Debug|iPhoneSimulator
		{973F3192-3FC6-4855-A9BD-C2A3D5EBA89A}.Debug|iPhoneSimulator.Build.0 = Debug|iPhoneSimulator
		{973F3192-3FC6-4855-A9BD-C2A3D5EBA89A}.Debug|iPhoneSimulator.Deploy.0 = Debug|iPhoneSimulator
		{973F3192-3FC6-4855-A9BD-C2A3D5EBA89A}.Release|Any CPU.ActiveCfg = Release|iPhone
		{973F3192-3FC6-4855-A9BD-C2A3D5EBA89A}.Release|Any CPU.Build.0 = Release|iPhone
		{973F3192-3FC6-4855-A9BD-C2A3D5EBA89A}.Release|Any CPU.Deploy.0 = Release|iPhone
		{973F3192-3FC6-4855-A9BD-C2A3D5EBA89A}.Release|iPhone.ActiveCfg = Release|iPhone
		{973F3192-3FC6-4855-A9BD-C2A3D5EBA89A}.Release|iPhone.Build.0 = Release|iPhone
		{973F3192-3FC6-4855-A9BD-C2A3D5EBA89A}.Release|iPhone.Deploy.0 = Release|iPhone
		{973F3192-3FC6-4855-A9BD-C2A3D5EBA89A}.Release|iPhoneSimulator.ActiveCfg = Release|iPhoneSimulator
		{973F3192-3FC6-4855-A9BD-C2A3D5EBA89A}.Release|iPhoneSimulator.Build.0 = Release|iPhoneSimulator
		{973F3192-3FC6-4855-A9BD-C2A3D5EBA89A}.Release|iPhoneSimulator.Deploy.0 = Release|iPhoneSimulator
		{68D5A3C4-A8A8-41DA-B1B2-3D5BD8BB273E}.Debug|Any CPU.ActiveCfg = Debug|Any CPU
		{68D5A3C4-A8A8-41DA-B1B2-3D5BD8BB273E}.Debug|Any CPU.Build.0 = Debug|Any CPU
		{68D5A3C4-A8A8-41DA-B1B2-3D5BD8BB273E}.Debug|Any CPU.Deploy.0 = Debug|Any CPU
		{68D5A3C4-A8A8-41DA-B1B2-3D5BD8BB273E}.Debug|iPhone.ActiveCfg = Debug|Any CPU
		{68D5A3C4-A8A8-41DA-B1B2-3D5BD8BB273E}.Debug|iPhone.Build.0 = Debug|Any CPU
		{68D5A3C4-A8A8-41DA-B1B2-3D5BD8BB273E}.Debug|iPhone.Deploy.0 = Debug|Any CPU
		{68D5A3C4-A8A8-41DA-B1B2-3D5BD8BB273E}.Debug|iPhoneSimulator.ActiveCfg = Debug|Any CPU
		{68D5A3C4-A8A8-41DA-B1B2-3D5BD8BB273E}.Debug|iPhoneSimulator.Build.0 = Debug|Any CPU
		{68D5A3C4-A8A8-41DA-B1B2-3D5BD8BB273E}.Debug|iPhoneSimulator.Deploy.0 = Debug|Any CPU
		{68D5A3C4-A8A8-41DA-B1B2-3D5BD8BB273E}.Release|Any CPU.ActiveCfg = Release|Any CPU
		{68D5A3C4-A8A8-41DA-B1B2-3D5BD8BB273E}.Release|Any CPU.Build.0 = Release|Any CPU
		{68D5A3C4-A8A8-41DA-B1B2-3D5BD8BB273E}.Release|Any CPU.Deploy.0 = Release|Any CPU
		{68D5A3C4-A8A8-41DA-B1B2-3D5BD8BB273E}.Release|iPhone.ActiveCfg = Release|Any CPU
		{68D5A3C4-A8A8-41DA-B1B2-3D5BD8BB273E}.Release|iPhone.Build.0 = Release|Any CPU
		{68D5A3C4-A8A8-41DA-B1B2-3D5BD8BB273E}.Release|iPhone.Deploy.0 = Release|Any CPU
		{68D5A3C4-A8A8-41DA-B1B2-3D5BD8BB273E}.Release|iPhoneSimulator.ActiveCfg = Release|Any CPU
		{68D5A3C4-A8A8-41DA-B1B2-3D5BD8BB273E}.Release|iPhoneSimulator.Build.0 = Release|Any CPU
		{68D5A3C4-A8A8-41DA-B1B2-3D5BD8BB273E}.Release|iPhoneSimulator.Deploy.0 = Release|Any CPU
	EndGlobalSection
	GlobalSection(SolutionProperties) = preSolution
		HideSolutionNode = FALSE
	EndGlobalSection
	GlobalSection(ExtensibilityGlobals) = postSolution
		SolutionGuid = {58AC198A-ED5A-4E3F-B72F-8D41F7C2B5D4}
	EndGlobalSection
EndGlobal
